
Microsoft Visual Studio Solution File, Format Version 12.00
# Visual Studio Version 16
VisualStudioVersion = 16.0.31624.102
MinimumVisualStudioVersion = 10.0.40219.1
Project("{9A19103F-16F7-4668-BE54-9A1E7A4F7556}") = "Twitter.Web", "Twitter.Web\Twitter.Web.csproj", "{3F99748A-09CD-4B38-91BA-FA1B15A8BE3C}"
EndProject
Global
	GlobalSection(SolutionConfigurationPlatforms) = preSolution
		Debug|Any CPU = Debug|Any CPU
		Release|Any CPU = Release|Any CPU
	EndGlobalSection
	GlobalSection(ProjectConfigurationPlatforms) = postSolution
		{3F99748A-09CD-4B38-91BA-FA1B15A8BE3C}.Debug|Any CPU.ActiveCfg = Debug|Any CPU
		{3F99748A-09CD-4B38-91BA-FA1B15A8BE3C}.Debug|Any CPU.Build.0 = Debug|Any CPU
		{3F99748A-09CD-4B38-91BA-FA1B15A8BE3C}.Release|Any CPU.ActiveCfg = Release|Any CPU
		{3F99748A-09CD-4B38-91BA-FA1B15A8BE3C}.Release|Any CPU.Build.0 = Release|Any CPU
	EndGlobalSection
	GlobalSection(SolutionProperties) = preSolution
		HideSolutionNode = FALSE
	EndGlobalSection
	GlobalSection(ExtensibilityGlobals) = postSolution
		SolutionGuid = {E583C85A-A248-4B98-A81C-0C4373655FB9}
	EndGlobalSection
EndGlobal
